
Microsoft Visual Studio Solution File, Format Version 12.00
# Visual Studio 14
VisualStudioVersion = 14.0.22310.1
MinimumVisualStudioVersion = 10.0.40219.1
Project("{2150E333-8FDC-42A3-9474-1A3956D46DE8}") = "DL", "DL", "{D7FA23DE-FB94-4166-B487-6CC3379B275B}"
EndProject
Project("{2150E333-8FDC-42A3-9474-1A3956D46DE8}") = "PL", "PL", "{D4E05FA7-084B-4D61-8050-A68D382FF3E2}"
EndProject
Project("{2150E333-8FDC-42A3-9474-1A3956D46DE8}") = "BL", "BL", "{B7213FC2-36AF-4778-887E-B2F595CAE648}"
EndProject
Project("{FAE04EC0-301F-11D3-BF4B-00C04F79EFBC}") = "Registar.BusinessLayer", "Registar.BusinessLayer\Registar.BusinessLayer.csproj", "{3E2141C8-6ED8-4A7A-8D50-A872FE4C77CD}"
EndProject
Project("{2150E333-8FDC-42A3-9474-1A3956D46DE8}") = "Common", "Common", "{363FC4EE-D6B9-4C4E-B48D-C97C6D0035FB}"
EndProject
Project("{FAE04EC0-301F-11D3-BF4B-00C04F79EFBC}") = "Registar.DomainModel", "Registar.DomainModel\Registar.DomainModel.csproj", "{A9F36D3F-32A5-4D87-B4BD-F3832E5EE23D}"
EndProject
Project("{FAE04EC0-301F-11D3-BF4B-00C04F79EFBC}") = "Registar.DataLayer", "..\..\..\..\Desktop\Master_Branch_OBUKA\svs-talent-2015-master\04-SPA\Project\Registar\Registar.DataLayer\Registar.DataLayer.csproj", "{D46D8021-023F-49EF-B782-266B66BEF3F1}"
EndProject
Project("{FAE04EC0-301F-11D3-BF4B-00C04F79EFBC}") = "Registar", "Registar\Registar.csproj", "{A0E77BC7-9C9E-491D-B908-58798A053B98}"
EndProject
Global
	GlobalSection(SolutionConfigurationPlatforms) = preSolution
		Debug|Any CPU = Debug|Any CPU
		Release|Any CPU = Release|Any CPU
	EndGlobalSection
	GlobalSection(ProjectConfigurationPlatforms) = postSolution
		{3E2141C8-6ED8-4A7A-8D50-A872FE4C77CD}.Debug|Any CPU.ActiveCfg = Debug|Any CPU
		{3E2141C8-6ED8-4A7A-8D50-A872FE4C77CD}.Debug|Any CPU.Build.0 = Debug|Any CPU
		{3E2141C8-6ED8-4A7A-8D50-A872FE4C77CD}.Release|Any CPU.ActiveCfg = Release|Any CPU
		{3E2141C8-6ED8-4A7A-8D50-A872FE4C77CD}.Release|Any CPU.Build.0 = Release|Any CPU
		{A9F36D3F-32A5-4D87-B4BD-F3832E5EE23D}.Debug|Any CPU.ActiveCfg = Debug|Any CPU
		{A9F36D3F-32A5-4D87-B4BD-F3832E5EE23D}.Debug|Any CPU.Build.0 = Debug|Any CPU
		{A9F36D3F-32A5-4D87-B4BD-F3832E5EE23D}.Release|Any CPU.ActiveCfg = Release|Any CPU
		{A9F36D3F-32A5-4D87-B4BD-F3832E5EE23D}.Release|Any CPU.Build.0 = Release|Any CPU
		{D46D8021-023F-49EF-B782-266B66BEF3F1}.Debug|Any CPU.ActiveCfg = Debug|Any CPU
		{D46D8021-023F-49EF-B782-266B66BEF3F1}.Debug|Any CPU.Build.0 = Debug|Any CPU
		{D46D8021-023F-49EF-B782-266B66BEF3F1}.Release|Any CPU.ActiveCfg = Release|Any CPU
		{D46D8021-023F-49EF-B782-266B66BEF3F1}.Release|Any CPU.Build.0 = Release|Any CPU
		{A0E77BC7-9C9E-491D-B908-58798A053B98}.Debug|Any CPU.ActiveCfg = Debug|Any CPU
		{A0E77BC7-9C9E-491D-B908-58798A053B98}.Debug|Any CPU.Build.0 = Debug|Any CPU
		{A0E77BC7-9C9E-491D-B908-58798A053B98}.Release|Any CPU.ActiveCfg = Release|Any CPU
		{A0E77BC7-9C9E-491D-B908-58798A053B98}.Release|Any CPU.Build.0 = Release|Any CPU
	EndGlobalSection
	GlobalSection(SolutionProperties) = preSolution
		HideSolutionNode = FALSE
	EndGlobalSection
	GlobalSection(NestedProjects) = preSolution
		{3E2141C8-6ED8-4A7A-8D50-A872FE4C77CD} = {B7213FC2-36AF-4778-887E-B2F595CAE648}
		{A9F36D3F-32A5-4D87-B4BD-F3832E5EE23D} = {363FC4EE-D6B9-4C4E-B48D-C97C6D0035FB}
		{D46D8021-023F-49EF-B782-266B66BEF3F1} = {D7FA23DE-FB94-4166-B487-6CC3379B275B}
		{A0E77BC7-9C9E-491D-B908-58798A053B98} = {D4E05FA7-084B-4D61-8050-A68D382FF3E2}
	EndGlobalSection
EndGlobal
